
Microsoft Visual Studio Solution File, Format Version 12.00
# Visual Studio 2012
Project("{FAE04EC0-301F-11D3-BF4B-00C04F79EFBC}") = "appFiap", "appFiap\appFiap.csproj", "{F6388CEE-2987-4A95-819E-2B31EC8FE2E3}"
EndProject
Project("{FAE04EC0-301F-11D3-BF4B-00C04F79EFBC}") = "appFiap.iOS", "iOS\appFiap.iOS.csproj", "{E50DBE36-B1D7-4000-9E70-4C6573890416}"
EndProject
Project("{FAE04EC0-301F-11D3-BF4B-00C04F79EFBC}") = "appFiap.Droid", "Droid\appFiap.Droid.csproj", "{1193FF3A-FB39-48A0-A1C4-7C036B7A6671}"
EndProject
Global
	GlobalSection(SolutionConfigurationPlatforms) = preSolution
		Debug|Any CPU = Debug|Any CPU
		Release|Any CPU = Release|Any CPU
		Debug|iPhoneSimulator = Debug|iPhoneSimulator
		Release|iPhone = Release|iPhone
		Release|iPhoneSimulator = Release|iPhoneSimulator
		Debug|iPhone = Debug|iPhone
	EndGlobalSection
	GlobalSection(ProjectConfigurationPlatforms) = postSolution
		{F6388CEE-2987-4A95-819E-2B31EC8FE2E3}.Debug|Any CPU.ActiveCfg = Debug|Any CPU
		{F6388CEE-2987-4A95-819E-2B31EC8FE2E3}.Debug|Any CPU.Build.0 = Debug|Any CPU
		{F6388CEE-2987-4A95-819E-2B31EC8FE2E3}.Release|Any CPU.ActiveCfg = Release|Any CPU
		{F6388CEE-2987-4A95-819E-2B31EC8FE2E3}.Release|Any CPU.Build.0 = Release|Any CPU
		{F6388CEE-2987-4A95-819E-2B31EC8FE2E3}.Debug|iPhoneSimulator.ActiveCfg = Debug|Any CPU
		{F6388CEE-2987-4A95-819E-2B31EC8FE2E3}.Debug|iPhoneSimulator.Build.0 = Debug|Any CPU
		{F6388CEE-2987-4A95-819E-2B31EC8FE2E3}.Release|iPhone.ActiveCfg = Release|Any CPU
		{F6388CEE-2987-4A95-819E-2B31EC8FE2E3}.Release|iPhone.Build.0 = Release|Any CPU
		{F6388CEE-2987-4A95-819E-2B31EC8FE2E3}.Release|iPhoneSimulator.ActiveCfg = Release|Any CPU
		{F6388CEE-2987-4A95-819E-2B31EC8FE2E3}.Release|iPhoneSimulator.Build.0 = Release|Any CPU
		{F6388CEE-2987-4A95-819E-2B31EC8FE2E3}.Debug|iPhone.ActiveCfg = Debug|Any CPU
		{F6388CEE-2987-4A95-819E-2B31EC8FE2E3}.Debug|iPhone.Build.0 = Debug|Any CPU
		{E50DBE36-B1D7-4000-9E70-4C6573890416}.Debug|Any CPU.ActiveCfg = Debug|iPhoneSimulator
		{E50DBE36-B1D7-4000-9E70-4C6573890416}.Debug|Any CPU.Build.0 = Debug|iPhoneSimulator
		{E50DBE36-B1D7-4000-9E70-4C6573890416}.Release|Any CPU.ActiveCfg = Debug|iPhoneSimulator
		{E50DBE36-B1D7-4000-9E70-4C6573890416}.Release|Any CPU.Build.0 = Debug|iPhoneSimulator
		{E50DBE36-B1D7-4000-9E70-4C6573890416}.Debug|iPhoneSimulator.ActiveCfg = Debug|iPhoneSimulator
		{E50DBE36-B1D7-4000-9E70-4C6573890416}.Debug|iPhoneSimulator.Build.0 = Debug|iPhoneSimulator
		{E50DBE36-B1D7-4000-9E70-4C6573890416}.Release|iPhone.ActiveCfg = Release|iPhone
		{E50DBE36-B1D7-4000-9E70-4C6573890416}.Release|iPhone.Build.0 = Release|iPhone
		{E50DBE36-B1D7-4000-9E70-4C6573890416}.Release|iPhoneSimulator.ActiveCfg = Release|iPhoneSimulator
		{E50DBE36-B1D7-4000-9E70-4C6573890416}.Release|iPhoneSimulator.Build.0 = Release|iPhoneSimulator
		{E50DBE36-B1D7-4000-9E70-4C6573890416}.Debug|iPhone.ActiveCfg = Debug|iPhone
		{E50DBE36-B1D7-4000-9E70-4C6573890416}.Debug|iPhone.Build.0 = Debug|iPhone
		{1193FF3A-FB39-48A0-A1C4-7C036B7A6671}.Debug|Any CPU.ActiveCfg = Debug|Any CPU
		{1193FF3A-FB39-48A0-A1C4-7C036B7A6671}.Debug|Any CPU.Build.0 = Debug|Any CPU
		{1193FF3A-FB39-48A0-A1C4-7C036B7A6671}.Release|Any CPU.ActiveCfg = Release|Any CPU
		{1193FF3A-FB39-48A0-A1C4-7C036B7A6671}.Release|Any CPU.Build.0 = Release|Any CPU
		{1193FF3A-FB39-48A0-A1C4-7C036B7A6671}.Debug|iPhoneSimulator.ActiveCfg = Debug|Any CPU
		{1193FF3A-FB39-48A0-A1C4-7C036B7A6671}.Debug|iPhoneSimulator.Build.0 = Debug|Any CPU
		{1193FF3A-FB39-48A0-A1C4-7C036B7A6671}.Release|iPhone.ActiveCfg = Release|Any CPU
		{1193FF3A-FB39-48A0-A1C4-7C036B7A6671}.Release|iPhone.Build.0 = Release|Any CPU
		{1193FF3A-FB39-48A0-A1C4-7C036B7A6671}.Release|iPhoneSimulator.ActiveCfg = Release|Any CPU
		{1193FF3A-FB39-48A0-A1C4-7C036B7A6671}.Release|iPhoneSimulator.Build.0 = Release|Any CPU
		{1193FF3A-FB39-48A0-A1C4-7C036B7A6671}.Debug|iPhone.ActiveCfg = Debug|Any CPU
		{1193FF3A-FB39-48A0-A1C4-7C036B7A6671}.Debug|iPhone.Build.0 = Debug|Any CPU
	EndGlobalSection
EndGlobal
